
Microsoft Visual Studio Solution File, Format Version 12.00
# Visual Studio Version 17
VisualStudioVersion = 17.5.33516.290
MinimumVisualStudioVersion = 10.0.40219.1
Project("{9A19103F-16F7-4668-BE54-9A1E7A4F7556}") = "MQTTProto", "MQTTProto\MQTTProto.csproj", "{EDE5143E-2D12-460A-BA4B-5BA96CDB7CB8}"
EndProject
Project("{9A19103F-16F7-4668-BE54-9A1E7A4F7556}") = "MQTTClient", "MQTTClient\MQTTClient.csproj", "{3754CCF1-FA70-4A53-B323-24B2BF9487FD}"
EndProject
Project("{9A19103F-16F7-4668-BE54-9A1E7A4F7556}") = "MQTTServer", "MQTTBroker\MQTTServer.csproj", "{ED5BB507-3AE2-4DA0-A647-54A1F93385F4}"
EndProject
Global
	GlobalSection(SolutionConfigurationPlatforms) = preSolution
		Debug|Any CPU = Debug|Any CPU
		Release|Any CPU = Release|Any CPU
	EndGlobalSection
	GlobalSection(ProjectConfigurationPlatforms) = postSolution
		{EDE5143E-2D12-460A-BA4B-5BA96CDB7CB8}.Debug|Any CPU.ActiveCfg = Debug|Any CPU
		{EDE5143E-2D12-460A-BA4B-5BA96CDB7CB8}.Debug|Any CPU.Build.0 = Debug|Any CPU
		{EDE5143E-2D12-460A-BA4B-5BA96CDB7CB8}.Release|Any CPU.ActiveCfg = Release|Any CPU
		{EDE5143E-2D12-460A-BA4B-5BA96CDB7CB8}.Release|Any CPU.Build.0 = Release|Any CPU
		{3754CCF1-FA70-4A53-B323-24B2BF9487FD}.Debug|Any CPU.ActiveCfg = Debug|Any CPU
		{3754CCF1-FA70-4A53-B323-24B2BF9487FD}.Debug|Any CPU.Build.0 = Debug|Any CPU
		{3754CCF1-FA70-4A53-B323-24B2BF9487FD}.Release|Any CPU.ActiveCfg = Release|Any CPU
		{3754CCF1-FA70-4A53-B323-24B2BF9487FD}.Release|Any CPU.Build.0 = Release|Any CPU
		{ED5BB507-3AE2-4DA0-A647-54A1F93385F4}.Debug|Any CPU.ActiveCfg = Debug|Any CPU
		{ED5BB507-3AE2-4DA0-A647-54A1F93385F4}.Debug|Any CPU.Build.0 = Debug|Any CPU
		{ED5BB507-3AE2-4DA0-A647-54A1F93385F4}.Release|Any CPU.ActiveCfg = Release|Any CPU
		{ED5BB507-3AE2-4DA0-A647-54A1F93385F4}.Release|Any CPU.Build.0 = Release|Any CPU
	EndGlobalSection
	GlobalSection(SolutionProperties) = preSolution
		HideSolutionNode = FALSE
	EndGlobalSection
	GlobalSection(ExtensibilityGlobals) = postSolution
		SolutionGuid = {75DBA5BD-2D05-4CC0-83E5-71B9F9CE21F1}
	EndGlobalSection
EndGlobal
